
Microsoft Visual Studio Solution File, Format Version 12.00
# Visual Studio Version 17
VisualStudioVersion = 17.3.32825.248
MinimumVisualStudioVersion = 10.0.40219.1
Project("{FAE04EC0-301F-11D3-BF4B-00C04F79EFBC}") = "AspRoutingParamsApp", "AspRoutingParamsApp.csproj", "{06AA9647-354D-41B3-ACC4-209CA9738493}"
EndProject
Global
	GlobalSection(SolutionConfigurationPlatforms) = preSolution
		Debug|Any CPU = Debug|Any CPU
		Release|Any CPU = Release|Any CPU
	EndGlobalSection
	GlobalSection(ProjectConfigurationPlatforms) = postSolution
		{06AA9647-354D-41B3-ACC4-209CA9738493}.Debug|Any CPU.ActiveCfg = Debug|Any CPU
		{06AA9647-354D-41B3-ACC4-209CA9738493}.Debug|Any CPU.Build.0 = Debug|Any CPU
		{06AA9647-354D-41B3-ACC4-209CA9738493}.Release|Any CPU.ActiveCfg = Release|Any CPU
		{06AA9647-354D-41B3-ACC4-209CA9738493}.Release|Any CPU.Build.0 = Release|Any CPU
	EndGlobalSection
	GlobalSection(SolutionProperties) = preSolution
		HideSolutionNode = FALSE
	EndGlobalSection
	GlobalSection(ExtensibilityGlobals) = postSolution
		SolutionGuid = {4E292F27-45CF-4D59-BFDB-6208AC125E0B}
	EndGlobalSection
EndGlobal
